// !$*UTF8*$!
{
	archiveVersion = 1;
	classes = {
	};
	objectVersion = 50;
	objects = {

/* Begin PBXBuildFile section */
		3635BA35215F53F800FAE00D /* HomeHotScrollView.swift in Sources */ = {isa = PBXBuildFile; fileRef = 3635BA34215F53F800FAE00D /* HomeHotScrollView.swift */; };
		3635BA4F216AF73000FAE00D /* HomeNavigationBar.swift in Sources */ = {isa = PBXBuildFile; fileRef = 3635BA4E216AF73000FAE00D /* HomeNavigationBar.swift */; };
		3635BA59216AFF8A00FAE00D /* LookAtSearchTool.swift in Sources */ = {isa = PBXBuildFile; fileRef = 3635BA58216AFF8A00FAE00D /* LookAtSearchTool.swift */; };
		3635BA5B216B005400FAE00D /* LookAtSearchBar.swift in Sources */ = {isa = PBXBuildFile; fileRef = 3635BA5A216B005400FAE00D /* LookAtSearchBar.swift */; };
		3635BA5D216B026600FAE00D /* LookAtTabBar.swift in Sources */ = {isa = PBXBuildFile; fileRef = 3635BA5C216B026600FAE00D /* LookAtTabBar.swift */; };
		3635BA5F216B387200FAE00D /* LookAtSearchViewController.swift in Sources */ = {isa = PBXBuildFile; fileRef = 3635BA5E216B387200FAE00D /* LookAtSearchViewController.swift */; };
		3635BA63216B3F3B00FAE00D /* LookAtSearchDefaultView.swift in Sources */ = {isa = PBXBuildFile; fileRef = 3635BA62216B3F3B00FAE00D /* LookAtSearchDefaultView.swift */; };
		3635BA66216B498C00FAE00D /* LookAtSearchModel.swift in Sources */ = {isa = PBXBuildFile; fileRef = 3635BA65216B498C00FAE00D /* LookAtSearchModel.swift */; };
		3635BA68216B4B9500FAE00D /* LookAtSearchDefaultHotCompanyTableViewCell.swift in Sources */ = {isa = PBXBuildFile; fileRef = 3635BA67216B4B9500FAE00D /* LookAtSearchDefaultHotCompanyTableViewCell.swift */; };
		3677B8CC215B685800728EF9 /* UIImage+Extension.swift in Sources */ = {isa = PBXBuildFile; fileRef = 3677B8CB215B685800728EF9 /* UIImage+Extension.swift */; };
		3677B8D2215B6E0A00728EF9 /* LookAtConfig.swift in Sources */ = {isa = PBXBuildFile; fileRef = 3677B8D1215B6E0A00728EF9 /* LookAtConfig.swift */; };
		3677B8D4215B7A3C00728EF9 /* UIFont+Extension.swift in Sources */ = {isa = PBXBuildFile; fileRef = 3677B8D3215B7A3C00728EF9 /* UIFont+Extension.swift */; };
		3677B8D6215B7D7100728EF9 /* UIColor+Extension.swift in Sources */ = {isa = PBXBuildFile; fileRef = 3677B8D5215B7D7100728EF9 /* UIColor+Extension.swift */; };
		3677B90E215DD32500728EF9 /* BaseNavigationViewController.swift in Sources */ = {isa = PBXBuildFile; fileRef = 3677B90D215DD32500728EF9 /* BaseNavigationViewController.swift */; };
		3677B910215DDC5700728EF9 /* HomeHeaderView.swift in Sources */ = {isa = PBXBuildFile; fileRef = 3677B90F215DDC5700728EF9 /* HomeHeaderView.swift */; };
		3677B912215DDCBF00728EF9 /* HomeAdvertisingPageView.swift in Sources */ = {isa = PBXBuildFile; fileRef = 3677B911215DDCBF00728EF9 /* HomeAdvertisingPageView.swift */; };
		3677B9B9215DF75A00728EF9 /* UIImageView+Extension.swift in Sources */ = {isa = PBXBuildFile; fileRef = 3677B9B8215DF75A00728EF9 /* UIImageView+Extension.swift */; };
		3677B9DB215DF9A300728EF9 /* SnapKit.framework in Frameworks */ = {isa = PBXBuildFile; fileRef = 3677B9D8215DF99B00728EF9 /* SnapKit.framework */; };
		3677B9DC215DF9A300728EF9 /* SnapKit.framework in Embed Frameworks */ = {isa = PBXBuildFile; fileRef = 3677B9D8215DF99B00728EF9 /* SnapKit.framework */; settings = {ATTRIBUTES = (CodeSignOnCopy, RemoveHeadersOnCopy, ); }; };
		3677B9DF215DF9A300728EF9 /* Kingfisher.framework in Frameworks */ = {isa = PBXBuildFile; fileRef = 3677B9C5215DF95300728EF9 /* Kingfisher.framework */; };
		3677B9E0215DF9A300728EF9 /* Kingfisher.framework in Embed Frameworks */ = {isa = PBXBuildFile; fileRef = 3677B9C5215DF95300728EF9 /* Kingfisher.framework */; settings = {ATTRIBUTES = (CodeSignOnCopy, RemoveHeadersOnCopy, ); }; };
		3677B9E5215E025900728EF9 /* UIView+Extension.swift in Sources */ = {isa = PBXBuildFile; fileRef = 3677B9E4215E025900728EF9 /* UIView+Extension.swift */; };
		3677B9E7215E033300728EF9 /* UILabel+Extension.swift in Sources */ = {isa = PBXBuildFile; fileRef = 3677B9E6215E033300728EF9 /* UILabel+Extension.swift */; };
		3677B9E9215E090700728EF9 /* UITableView+Extension.swift in Sources */ = {isa = PBXBuildFile; fileRef = 3677B9E8215E090700728EF9 /* UITableView+Extension.swift */; };
		3677B9EE215E0BDD00728EF9 /* Reusable.swift in Sources */ = {isa = PBXBuildFile; fileRef = 3677B9ED215E0BDD00728EF9 /* Reusable.swift */; };
		3677B9F0215E15AC00728EF9 /* UICollectionView+Extension.swift in Sources */ = {isa = PBXBuildFile; fileRef = 3677B9EF215E15AC00728EF9 /* UICollectionView+Extension.swift */; };
		3677B9F4215E1D3D00728EF9 /* String+Extension.swift in Sources */ = {isa = PBXBuildFile; fileRef = 3677B9F3215E1D3D00728EF9 /* String+Extension.swift */; };
		3677B9F6215E21D000728EF9 /* UIViewController+Extension.swift in Sources */ = {isa = PBXBuildFile; fileRef = 3677B9F5215E21D000728EF9 /* UIViewController+Extension.swift */; };
		3677B9FA215F148800728EF9 /* HomeTableSectionHeaderView.swift in Sources */ = {isa = PBXBuildFile; fileRef = 3677B9F9215F148800728EF9 /* HomeTableSectionHeaderView.swift */; };
		3677BA03215F15A100728EF9 /* UIButton+Extension.swift in Sources */ = {isa = PBXBuildFile; fileRef = 3677BA02215F15A100728EF9 /* UIButton+Extension.swift */; };
		3677BA05215F27E300728EF9 /* HomeHotTableViewCell.swift in Sources */ = {isa = PBXBuildFile; fileRef = 3677BA04215F27E300728EF9 /* HomeHotTableViewCell.swift */; };
		3677BA07215F280000728EF9 /* HomeRecommendTableViewCell.swift in Sources */ = {isa = PBXBuildFile; fileRef = 3677BA06215F280000728EF9 /* HomeRecommendTableViewCell.swift */; };
		3677BA09215F282800728EF9 /* HomeLeaderboardTableViewCell.swift in Sources */ = {isa = PBXBuildFile; fileRef = 3677BA08215F282800728EF9 /* HomeLeaderboardTableViewCell.swift */; };
		3677BA0B215F285700728EF9 /* HomeBusinessTopicTableViewCell.swift in Sources */ = {isa = PBXBuildFile; fileRef = 3677BA0A215F285700728EF9 /* HomeBusinessTopicTableViewCell.swift */; };
		3677BA0E215F290900728EF9 /* LookAtButton.swift in Sources */ = {isa = PBXBuildFile; fileRef = 3677BA0D215F290900728EF9 /* LookAtButton.swift */; };
		36B723D9215A383D00940A3D /* AppDelegate.swift in Sources */ = {isa = PBXBuildFile; fileRef = 36B723D8215A383D00940A3D /* AppDelegate.swift */; };
		36B723DB215A383D00940A3D /* ViewController.swift in Sources */ = {isa = PBXBuildFile; fileRef = 36B723DA215A383D00940A3D /* ViewController.swift */; };
		36B723DE215A383D00940A3D /* Main.storyboard in Resources */ = {isa = PBXBuildFile; fileRef = 36B723DC215A383D00940A3D /* Main.storyboard */; };
		36B723E0215A383F00940A3D /* Assets.xcassets in Resources */ = {isa = PBXBuildFile; fileRef = 36B723DF215A383F00940A3D /* Assets.xcassets */; };
		36B723E3215A383F00940A3D /* LaunchScreen.storyboard in Resources */ = {isa = PBXBuildFile; fileRef = 36B723E1215A383F00940A3D /* LaunchScreen.storyboard */; };
		36B723EE215A383F00940A3D /* LookAtTests.swift in Sources */ = {isa = PBXBuildFile; fileRef = 36B723ED215A383F00940A3D /* LookAtTests.swift */; };
		36B723F9215A383F00940A3D /* LookAtUITests.swift in Sources */ = {isa = PBXBuildFile; fileRef = 36B723F8215A383F00940A3D /* LookAtUITests.swift */; };
		36B7241C215A3C2700940A3D /* BaseViewController.swift in Sources */ = {isa = PBXBuildFile; fileRef = 36B7241B215A3C2700940A3D /* BaseViewController.swift */; };
		36B7241E215A3C3800940A3D /* BaseModel.swift in Sources */ = {isa = PBXBuildFile; fileRef = 36B7241D215A3C3800940A3D /* BaseModel.swift */; };
		36B72420215A3C4300940A3D /* BaseView.swift in Sources */ = {isa = PBXBuildFile; fileRef = 36B7241F215A3C4300940A3D /* BaseView.swift */; };
		36B72422215A3C5700940A3D /* HomeViewController.swift in Sources */ = {isa = PBXBuildFile; fileRef = 36B72421215A3C5700940A3D /* HomeViewController.swift */; };
		36B72424215A3C6F00940A3D /* HomeModel.swift in Sources */ = {isa = PBXBuildFile; fileRef = 36B72423215A3C6F00940A3D /* HomeModel.swift */; };
		36B72426215A3C9500940A3D /* HomeView.swift in Sources */ = {isa = PBXBuildFile; fileRef = 36B72425215A3C9500940A3D /* HomeView.swift */; };
		36B72428215A3CBE00940A3D /* OldBirdView.swift in Sources */ = {isa = PBXBuildFile; fileRef = 36B72427215A3CBE00940A3D /* OldBirdView.swift */; };
		36B7242A215A3CCE00940A3D /* OldBirdModel.swift in Sources */ = {isa = PBXBuildFile; fileRef = 36B72429215A3CCE00940A3D /* OldBirdModel.swift */; };
		36B7242C215A3CDD00940A3D /* OldBirdViewController.swift in Sources */ = {isa = PBXBuildFile; fileRef = 36B7242B215A3CDD00940A3D /* OldBirdViewController.swift */; };
		36B7242E215A3CE800940A3D /* NewsViewController.swift in Sources */ = {isa = PBXBuildFile; fileRef = 36B7242D215A3CE800940A3D /* NewsViewController.swift */; };
		36B72430215A3CFA00940A3D /* NewsModel.swift in Sources */ = {isa = PBXBuildFile; fileRef = 36B7242F215A3CFA00940A3D /* NewsModel.swift */; };
		36B72432215A3D0A00940A3D /* NewsView.swift in Sources */ = {isa = PBXBuildFile; fileRef = 36B72431215A3D0A00940A3D /* NewsView.swift */; };
		36B72434215A3D1700940A3D /* MeView.swift in Sources */ = {isa = PBXBuildFile; fileRef = 36B72433215A3D1700940A3D /* MeView.swift */; };
		36B72436215A3D2400940A3D /* MeModel.swift in Sources */ = {isa = PBXBuildFile; fileRef = 36B72435215A3D2400940A3D /* MeModel.swift */; };
		36B72438215A3D3200940A3D /* MeViewController.swift in Sources */ = {isa = PBXBuildFile; fileRef = 36B72437215A3D3200940A3D /* MeViewController.swift */; };
		36B7243B215A3E1400940A3D /* LookAtTabBarViewController.swift in Sources */ = {isa = PBXBuildFile; fileRef = 36B7243A215A3E1400940A3D /* LookAtTabBarViewController.swift */; };
		BA096BCB2164A9110005374A /* HomeLeaderboardFlowLayout.swift in Sources */ = {isa = PBXBuildFile; fileRef = BA096BCA2164A9110005374A /* HomeLeaderboardFlowLayout.swift */; };
		BA096BD42164B51D0005374A /* HomeLeaderboardCollectionViewCell.swift in Sources */ = {isa = PBXBuildFile; fileRef = BA096BD32164B51D0005374A /* HomeLeaderboardCollectionViewCell.swift */; };
		BA148F6F21674B96001E3EAF /* ClassProtocol.swift in Sources */ = {isa = PBXBuildFile; fileRef = BA148F6E21674B96001E3EAF /* ClassProtocol.swift */; };
		BA1EFE47215E6D6C0067698A /* LogTool.swift in Sources */ = {isa = PBXBuildFile; fileRef = BA1EFE46215E6D6C0067698A /* LogTool.swift */; };
/* End PBXBuildFile section */

/* Begin PBXContainerItemProxy section */
		3677B9C4215DF95300728EF9 /* PBXContainerItemProxy */ = {
			isa = PBXContainerItemProxy;
			containerPortal = 3677B9BA215DF95200728EF9 /* Kingfisher.xcodeproj */;
			proxyType = 2;
			remoteGlobalIDString = D1ED2D351AD2D09F00CFC3EB;
			remoteInfo = "Kingfisher-iOS";
		};
		3677B9C6215DF95300728EF9 /* PBXContainerItemProxy */ = {
			isa = PBXContainerItemProxy;
			containerPortal = 3677B9BA215DF95200728EF9 /* Kingfisher.xcodeproj */;
			proxyType = 2;
			remoteGlobalIDString = D13F49D61BEDA67C00CE335D;
			remoteInfo = "Kingfisher-tvOS";
		};
		3677B9C8215DF95300728EF9 /* PBXContainerItemProxy */ = {
			isa = PBXContainerItemProxy;
			containerPortal = 3677B9BA215DF95200728EF9 /* Kingfisher.xcodeproj */;
			proxyType = 2;
			remoteGlobalIDString = 4B2944481C3D01B20088C3E7;
			remoteInfo = "Kingfisher-macOS";
		};
		3677B9CA215DF95300728EF9 /* PBXContainerItemProxy */ = {
			isa = PBXContainerItemProxy;
			containerPortal = 3677B9BA215DF95200728EF9 /* Kingfisher.xcodeproj */;
			proxyType = 2;
			remoteGlobalIDString = D16799EB1C4E74460020FD12;
			remoteInfo = "Kingfisher-watchOS";
		};
		3677B9CC215DF95300728EF9 /* PBXContainerItemProxy */ = {
			isa = PBXContainerItemProxy;
			containerPortal = 3677B9BA215DF95200728EF9 /* Kingfisher.xcodeproj */;
			proxyType = 2;
			remoteGlobalIDString = D1ED2D3F1AD2D09F00CFC3EB;
			remoteInfo = KingfisherTests;
		};
		3677B9CE215DF95300728EF9 /* PBXContainerItemProxy */ = {
			isa = PBXContainerItemProxy;
			containerPortal = 3677B9BA215DF95200728EF9 /* Kingfisher.xcodeproj */;
			proxyType = 2;
			remoteGlobalIDString = 4B37667F1C478F940001443F;
			remoteInfo = "KingfisherTests-tvOS";
		};
		3677B9D0215DF95300728EF9 /* PBXContainerItemProxy */ = {
			isa = PBXContainerItemProxy;
			containerPortal = 3677B9BA215DF95200728EF9 /* Kingfisher.xcodeproj */;
			proxyType = 2;
			remoteGlobalIDString = D10EC2311C3D632300A4211C;
			remoteInfo = "KingfisherTests-macOS";
		};
		3677B9D7215DF99B00728EF9 /* PBXContainerItemProxy */ = {
			isa = PBXContainerItemProxy;
			containerPortal = 3677B9D2215DF99A00728EF9 /* SnapKit.xcodeproj */;
			proxyType = 2;
			remoteGlobalIDString = EEBCC9D819CC627D0083B827;
			remoteInfo = SnapKit;
		};
		3677B9D9215DF99B00728EF9 /* PBXContainerItemProxy */ = {
			isa = PBXContainerItemProxy;
			containerPortal = 3677B9D2215DF99A00728EF9 /* SnapKit.xcodeproj */;
			proxyType = 2;
			remoteGlobalIDString = EEBCC9E219CC627E0083B827;
			remoteInfo = "SnapKit Tests";
		};
		3677B9DD215DF9A300728EF9 /* PBXContainerItemProxy */ = {
			isa = PBXContainerItemProxy;
			containerPortal = 3677B9D2215DF99A00728EF9 /* SnapKit.xcodeproj */;
			proxyType = 1;
			remoteGlobalIDString = EEBCC9D719CC627D0083B827;
			remoteInfo = SnapKit;
		};
		3677B9E1215DF9A300728EF9 /* PBXContainerItemProxy */ = {
			isa = PBXContainerItemProxy;
			containerPortal = 3677B9BA215DF95200728EF9 /* Kingfisher.xcodeproj */;
			proxyType = 1;
			remoteGlobalIDString = D1ED2D341AD2D09F00CFC3EB;
			remoteInfo = "Kingfisher-iOS";
		};
		36B723EA215A383F00940A3D /* PBXContainerItemProxy */ = {
			isa = PBXContainerItemProxy;
			containerPortal = 36B723CD215A383D00940A3D /* Project object */;
			proxyType = 1;
			remoteGlobalIDString = 36B723D4215A383D00940A3D;
			remoteInfo = LookAt;
		};
		36B723F5215A383F00940A3D /* PBXContainerItemProxy */ = {
			isa = PBXContainerItemProxy;
			containerPortal = 36B723CD215A383D00940A3D /* Project object */;
			proxyType = 1;
			remoteGlobalIDString = 36B723D4215A383D00940A3D;
			remoteInfo = LookAt;
		};
/* End PBXContainerItemProxy section */

/* Begin PBXCopyFilesBuildPhase section */
		3677B9E3215DF9A300728EF9 /* Embed Frameworks */ = {
			isa = PBXCopyFilesBuildPhase;
			buildActionMask = 2147483647;
			dstPath = "";
			dstSubfolderSpec = 10;
			files = (
				3677B9E0215DF9A300728EF9 /* Kingfisher.framework in Embed Frameworks */,
				3677B9DC215DF9A300728EF9 /* SnapKit.framework in Embed Frameworks */,
			);
			name = "Embed Frameworks";
			runOnlyForDeploymentPostprocessing = 0;
		};
/* End PBXCopyFilesBuildPhase section */

/* Begin PBXFileReference section */
		3635BA34215F53F800FAE00D /* HomeHotScrollView.swift */ = {isa = PBXFileReference; lastKnownFileType = sourcecode.swift; path = HomeHotScrollView.swift; sourceTree = "<group>"; };
		3635BA4E216AF73000FAE00D /* HomeNavigationBar.swift */ = {isa = PBXFileReference; lastKnownFileType = sourcecode.swift; path = HomeNavigationBar.swift; sourceTree = "<group>"; };
		3635BA58216AFF8A00FAE00D /* LookAtSearchTool.swift */ = {isa = PBXFileReference; lastKnownFileType = sourcecode.swift; path = LookAtSearchTool.swift; sourceTree = "<group>"; };
		3635BA5A216B005400FAE00D /* LookAtSearchBar.swift */ = {isa = PBXFileReference; lastKnownFileType = sourcecode.swift; path = LookAtSearchBar.swift; sourceTree = "<group>"; };
		3635BA5C216B026600FAE00D /* LookAtTabBar.swift */ = {isa = PBXFileReference; lastKnownFileType = sourcecode.swift; path = LookAtTabBar.swift; sourceTree = "<group>"; };
		3635BA5E216B387200FAE00D /* LookAtSearchViewController.swift */ = {isa = PBXFileReference; lastKnownFileType = sourcecode.swift; path = LookAtSearchViewController.swift; sourceTree = "<group>"; };
		3635BA62216B3F3B00FAE00D /* LookAtSearchDefaultView.swift */ = {isa = PBXFileReference; lastKnownFileType = sourcecode.swift; path = LookAtSearchDefaultView.swift; sourceTree = "<group>"; };
		3635BA65216B498C00FAE00D /* LookAtSearchModel.swift */ = {isa = PBXFileReference; lastKnownFileType = sourcecode.swift; path = LookAtSearchModel.swift; sourceTree = "<group>"; };
		3635BA67216B4B9500FAE00D /* LookAtSearchDefaultHotCompanyTableViewCell.swift */ = {isa = PBXFileReference; lastKnownFileType = sourcecode.swift; path = LookAtSearchDefaultHotCompanyTableViewCell.swift; sourceTree = "<group>"; };
		3677B8CB215B685800728EF9 /* UIImage+Extension.swift */ = {isa = PBXFileReference; lastKnownFileType = sourcecode.swift; path = "UIImage+Extension.swift"; sourceTree = "<group>"; };
		3677B8D1215B6E0A00728EF9 /* LookAtConfig.swift */ = {isa = PBXFileReference; lastKnownFileType = sourcecode.swift; path = LookAtConfig.swift; sourceTree = "<group>"; };
		3677B8D3215B7A3C00728EF9 /* UIFont+Extension.swift */ = {isa = PBXFileReference; lastKnownFileType = sourcecode.swift; path = "UIFont+Extension.swift"; sourceTree = "<group>"; };
		3677B8D5215B7D7100728EF9 /* UIColor+Extension.swift */ = {isa = PBXFileReference; lastKnownFileType = sourcecode.swift; path = "UIColor+Extension.swift"; sourceTree = "<group>"; };
		3677B90D215DD32500728EF9 /* BaseNavigationViewController.swift */ = {isa = PBXFileReference; lastKnownFileType = sourcecode.swift; path = BaseNavigationViewController.swift; sourceTree = "<group>"; };
		3677B90F215DDC5700728EF9 /* HomeHeaderView.swift */ = {isa = PBXFileReference; lastKnownFileType = sourcecode.swift; path = HomeHeaderView.swift; sourceTree = "<group>"; };
		3677B911215DDCBF00728EF9 /* HomeAdvertisingPageView.swift */ = {isa = PBXFileReference; lastKnownFileType = sourcecode.swift; path = HomeAdvertisingPageView.swift; sourceTree = "<group>"; };
		3677B9A2215DE19C00728EF9 /* zh-Hans */ = {isa = PBXFileReference; lastKnownFileType = text.plist.strings; name = "zh-Hans"; path = "zh-Hans.lproj/Main.strings"; sourceTree = "<group>"; };
		3677B9A3215DE19C00728EF9 /* zh-Hans */ = {isa = PBXFileReference; lastKnownFileType = text.plist.strings; name = "zh-Hans"; path = "zh-Hans.lproj/LaunchScreen.strings"; sourceTree = "<group>"; };
		3677B9A4215DE1A500728EF9 /* zh-Hant */ = {isa = PBXFileReference; lastKnownFileType = text.plist.strings; name = "zh-Hant"; path = "zh-Hant.lproj/Main.strings"; sourceTree = "<group>"; };
		3677B9A5215DE1A600728EF9 /* zh-Hant */ = {isa = PBXFileReference; lastKnownFileType = text.plist.strings; name = "zh-Hant"; path = "zh-Hant.lproj/LaunchScreen.strings"; sourceTree = "<group>"; };
		3677B9B8215DF75A00728EF9 /* UIImageView+Extension.swift */ = {isa = PBXFileReference; lastKnownFileType = sourcecode.swift; path = "UIImageView+Extension.swift"; sourceTree = "<group>"; };
		3677B9BA215DF95200728EF9 /* Kingfisher.xcodeproj */ = {isa = PBXFileReference; lastKnownFileType = "wrapper.pb-project"; name = Kingfisher.xcodeproj; path = "LookAt/Frames/Kingfisher-master/Kingfisher.xcodeproj"; sourceTree = "<group>"; };
		3677B9D2215DF99A00728EF9 /* SnapKit.xcodeproj */ = {isa = PBXFileReference; lastKnownFileType = "wrapper.pb-project"; name = SnapKit.xcodeproj; path = "LookAt/Frames/SnapKit-develop/SnapKit.xcodeproj"; sourceTree = "<group>"; };
		3677B9E4215E025900728EF9 /* UIView+Extension.swift */ = {isa = PBXFileReference; lastKnownFileType = sourcecode.swift; path = "UIView+Extension.swift"; sourceTree = "<group>"; };
		3677B9E6215E033300728EF9 /* UILabel+Extension.swift */ = {isa = PBXFileReference; lastKnownFileType = sourcecode.swift; path = "UILabel+Extension.swift"; sourceTree = "<group>"; };
		3677B9E8215E090700728EF9 /* UITableView+Extension.swift */ = {isa = PBXFileReference; lastKnownFileType = sourcecode.swift; path = "UITableView+Extension.swift"; sourceTree = "<group>"; };
		3677B9ED215E0BDD00728EF9 /* Reusable.swift */ = {isa = PBXFileReference; lastKnownFileType = sourcecode.swift; path = Reusable.swift; sourceTree = "<group>"; };
		3677B9EF215E15AC00728EF9 /* UICollectionView+Extension.swift */ = {isa = PBXFileReference; lastKnownFileType = sourcecode.swift; path = "UICollectionView+Extension.swift"; sourceTree = "<group>"; };
		3677B9F3215E1D3D00728EF9 /* String+Extension.swift */ = {isa = PBXFileReference; lastKnownFileType = sourcecode.swift; path = "String+Extension.swift"; sourceTree = "<group>"; };
		3677B9F5215E21D000728EF9 /* UIViewController+Extension.swift */ = {isa = PBXFileReference; lastKnownFileType = sourcecode.swift; path = "UIViewController+Extension.swift"; sourceTree = "<group>"; };
		3677B9F9215F148800728EF9 /* HomeTableSectionHeaderView.swift */ = {isa = PBXFileReference; lastKnownFileType = sourcecode.swift; path = HomeTableSectionHeaderView.swift; sourceTree = "<group>"; };
		3677BA02215F15A100728EF9 /* UIButton+Extension.swift */ = {isa = PBXFileReference; lastKnownFileType = sourcecode.swift; path = "UIButton+Extension.swift"; sourceTree = "<group>"; };
		3677BA04215F27E300728EF9 /* HomeHotTableViewCell.swift */ = {isa = PBXFileReference; lastKnownFileType = sourcecode.swift; path = HomeHotTableViewCell.swift; sourceTree = "<group>"; };
		3677BA06215F280000728EF9 /* HomeRecommendTableViewCell.swift */ = {isa = PBXFileReference; lastKnownFileType = sourcecode.swift; path = HomeRecommendTableViewCell.swift; sourceTree = "<group>"; };
		3677BA08215F282800728EF9 /* HomeLeaderboardTableViewCell.swift */ = {isa = PBXFileReference; lastKnownFileType = sourcecode.swift; path = HomeLeaderboardTableViewCell.swift; sourceTree = "<group>"; };
		3677BA0A215F285700728EF9 /* HomeBusinessTopicTableViewCell.swift */ = {isa = PBXFileReference; lastKnownFileType = sourcecode.swift; path = HomeBusinessTopicTableViewCell.swift; sourceTree = "<group>"; };
		3677BA0D215F290900728EF9 /* LookAtButton.swift */ = {isa = PBXFileReference; lastKnownFileType = sourcecode.swift; path = LookAtButton.swift; sourceTree = "<group>"; };
		36B723D5215A383D00940A3D /* LookAt.app */ = {isa = PBXFileReference; explicitFileType = wrapper.application; includeInIndex = 0; path = LookAt.app; sourceTree = BUILT_PRODUCTS_DIR; };
		36B723D8215A383D00940A3D /* AppDelegate.swift */ = {isa = PBXFileReference; lastKnownFileType = sourcecode.swift; path = AppDelegate.swift; sourceTree = "<group>"; };
		36B723DA215A383D00940A3D /* ViewController.swift */ = {isa = PBXFileReference; lastKnownFileType = sourcecode.swift; path = ViewController.swift; sourceTree = "<group>"; };
		36B723DD215A383D00940A3D /* Base */ = {isa = PBXFileReference; lastKnownFileType = file.storyboard; name = Base; path = Base.lproj/Main.storyboard; sourceTree = "<group>"; };
		36B723DF215A383F00940A3D /* Assets.xcassets */ = {isa = PBXFileReference; lastKnownFileType = folder.assetcatalog; path = Assets.xcassets; sourceTree = "<group>"; };
		36B723E2215A383F00940A3D /* Base */ = {isa = PBXFileReference; lastKnownFileType = file.storyboard; name = Base; path = Base.lproj/LaunchScreen.storyboard; sourceTree = "<group>"; };
		36B723E4215A383F00940A3D /* Info.plist */ = {isa = PBXFileReference; lastKnownFileType = text.plist.xml; path = Info.plist; sourceTree = "<group>"; };
		36B723E9215A383F00940A3D /* LookAtTests.xctest */ = {isa = PBXFileReference; explicitFileType = wrapper.cfbundle; includeInIndex = 0; path = LookAtTests.xctest; sourceTree = BUILT_PRODUCTS_DIR; };
		36B723ED215A383F00940A3D /* LookAtTests.swift */ = {isa = PBXFileReference; lastKnownFileType = sourcecode.swift; path = LookAtTests.swift; sourceTree = "<group>"; };
		36B723EF215A383F00940A3D /* Info.plist */ = {isa = PBXFileReference; lastKnownFileType = text.plist.xml; path = Info.plist; sourceTree = "<group>"; };
		36B723F4215A383F00940A3D /* LookAtUITests.xctest */ = {isa = PBXFileReference; explicitFileType = wrapper.cfbundle; includeInIndex = 0; path = LookAtUITests.xctest; sourceTree = BUILT_PRODUCTS_DIR; };
		36B723F8215A383F00940A3D /* LookAtUITests.swift */ = {isa = PBXFileReference; lastKnownFileType = sourcecode.swift; path = LookAtUITests.swift; sourceTree = "<group>"; };
		36B723FA215A383F00940A3D /* Info.plist */ = {isa = PBXFileReference; lastKnownFileType = text.plist.xml; path = Info.plist; sourceTree = "<group>"; };
		36B7241B215A3C2700940A3D /* BaseViewController.swift */ = {isa = PBXFileReference; lastKnownFileType = sourcecode.swift; path = BaseViewController.swift; sourceTree = "<group>"; };
		36B7241D215A3C3800940A3D /* BaseModel.swift */ = {isa = PBXFileReference; lastKnownFileType = sourcecode.swift; path = BaseModel.swift; sourceTree = "<group>"; };
		36B7241F215A3C4300940A3D /* BaseView.swift */ = {isa = PBXFileReference; lastKnownFileType = sourcecode.swift; path = BaseView.swift; sourceTree = "<group>"; };
		36B72421215A3C5700940A3D /* HomeViewController.swift */ = {isa = PBXFileReference; lastKnownFileType = sourcecode.swift; path = HomeViewController.swift; sourceTree = "<group>"; };
		36B72423215A3C6F00940A3D /* HomeModel.swift */ = {isa = PBXFileReference; lastKnownFileType = sourcecode.swift; path = HomeModel.swift; sourceTree = "<group>"; };
		36B72425215A3C9500940A3D /* HomeView.swift */ = {isa = PBXFileReference; lastKnownFileType = sourcecode.swift; path = HomeView.swift; sourceTree = "<group>"; };
		36B72427215A3CBE00940A3D /* OldBirdView.swift */ = {isa = PBXFileReference; lastKnownFileType = sourcecode.swift; path = OldBirdView.swift; sourceTree = "<group>"; };
		36B72429215A3CCE00940A3D /* OldBirdModel.swift */ = {isa = PBXFileReference; lastKnownFileType = sourcecode.swift; path = OldBirdModel.swift; sourceTree = "<group>"; };
		36B7242B215A3CDD00940A3D /* OldBirdViewController.swift */ = {isa = PBXFileReference; lastKnownFileType = sourcecode.swift; path = OldBirdViewController.swift; sourceTree = "<group>"; };
		36B7242D215A3CE800940A3D /* NewsViewController.swift */ = {isa = PBXFileReference; lastKnownFileType = sourcecode.swift; path = NewsViewController.swift; sourceTree = "<group>"; };
		36B7242F215A3CFA00940A3D /* NewsModel.swift */ = {isa = PBXFileReference; lastKnownFileType = sourcecode.swift; path = NewsModel.swift; sourceTree = "<group>"; };
		36B72431215A3D0A00940A3D /* NewsView.swift */ = {isa = PBXFileReference; lastKnownFileType = sourcecode.swift; path = NewsView.swift; sourceTree = "<group>"; };
		36B72433215A3D1700940A3D /* MeView.swift */ = {isa = PBXFileReference; lastKnownFileType = sourcecode.swift; path = MeView.swift; sourceTree = "<group>"; };
		36B72435215A3D2400940A3D /* MeModel.swift */ = {isa = PBXFileReference; lastKnownFileType = sourcecode.swift; path = MeModel.swift; sourceTree = "<group>"; };
		36B72437215A3D3200940A3D /* MeViewController.swift */ = {isa = PBXFileReference; lastKnownFileType = sourcecode.swift; path = MeViewController.swift; sourceTree = "<group>"; };
		36B7243A215A3E1400940A3D /* LookAtTabBarViewController.swift */ = {isa = PBXFileReference; lastKnownFileType = sourcecode.swift; path = LookAtTabBarViewController.swift; sourceTree = "<group>"; };
		BA096BCA2164A9110005374A /* HomeLeaderboardFlowLayout.swift */ = {isa = PBXFileReference; lastKnownFileType = sourcecode.swift; path = HomeLeaderboardFlowLayout.swift; sourceTree = "<group>"; };
		BA096BD32164B51D0005374A /* HomeLeaderboardCollectionViewCell.swift */ = {isa = PBXFileReference; lastKnownFileType = sourcecode.swift; path = HomeLeaderboardCollectionViewCell.swift; sourceTree = "<group>"; };
		BA148F6E21674B96001E3EAF /* ClassProtocol.swift */ = {isa = PBXFileReference; lastKnownFileType = sourcecode.swift; path = ClassProtocol.swift; sourceTree = "<group>"; };
		BA1EFE46215E6D6C0067698A /* LogTool.swift */ = {isa = PBXFileReference; lastKnownFileType = sourcecode.swift; path = LogTool.swift; sourceTree = "<group>"; };
/* End PBXFileReference section */

/* Begin PBXFrameworksBuildPhase section */
		36B723D2215A383D00940A3D /* Frameworks */ = {
			isa = PBXFrameworksBuildPhase;
			buildActionMask = 2147483647;
			files = (
				3677B9DF215DF9A300728EF9 /* Kingfisher.framework in Frameworks */,
				3677B9DB215DF9A300728EF9 /* SnapKit.framework in Frameworks */,
			);
			runOnlyForDeploymentPostprocessing = 0;
		};
		36B723E6215A383F00940A3D /* Frameworks */ = {
			isa = PBXFrameworksBuildPhase;
			buildActionMask = 2147483647;
			files = (
			);
			runOnlyForDeploymentPostprocessing = 0;
		};
		36B723F1215A383F00940A3D /* Frameworks */ = {
			isa = PBXFrameworksBuildPhase;
			buildActionMask = 2147483647;
			files = (
			);
			runOnlyForDeploymentPostprocessing = 0;
		};
/* End PBXFrameworksBuildPhase section */

/* Begin PBXGroup section */
		3635BA57216AFF7D00FAE00D /* LookAtSearchTool */ = {
			isa = PBXGroup;
			children = (
				3635BA61216B388B00FAE00D /* Controller */,
				3635BA64216B496300FAE00D /* Model */,
				3635BA60216B388B00FAE00D /* View */,
			);
			path = LookAtSearchTool;
			sourceTree = "<group>";
		};
		3635BA60216B388B00FAE00D /* View */ = {
			isa = PBXGroup;
			children = (
				3635BA58216AFF8A00FAE00D /* LookAtSearchTool.swift */,
				3635BA5A216B005400FAE00D /* LookAtSearchBar.swift */,
				3635BA62216B3F3B00FAE00D /* LookAtSearchDefaultView.swift */,
				3635BA67216B4B9500FAE00D /* LookAtSearchDefaultHotCompanyTableViewCell.swift */,
			);
			path = View;
			sourceTree = "<group>";
		};
		3635BA61216B388B00FAE00D /* Controller */ = {
			isa = PBXGroup;
			children = (
				3635BA5E216B387200FAE00D /* LookAtSearchViewController.swift */,
			);
			path = Controller;
			sourceTree = "<group>";
		};
		3635BA64216B496300FAE00D /* Model */ = {
			isa = PBXGroup;
			children = (
				3635BA65216B498C00FAE00D /* LookAtSearchModel.swift */,
			);
			path = Model;
			sourceTree = "<group>";
		};
		3677B8CA215B683F00728EF9 /* Extension */ = {
			isa = PBXGroup;
			children = (
				3677B8CB215B685800728EF9 /* UIImage+Extension.swift */,
				3677B8D3215B7A3C00728EF9 /* UIFont+Extension.swift */,
				3677B8D5215B7D7100728EF9 /* UIColor+Extension.swift */,
				3677B9B8215DF75A00728EF9 /* UIImageView+Extension.swift */,
				3677B9E4215E025900728EF9 /* UIView+Extension.swift */,
				3677B9E6215E033300728EF9 /* UILabel+Extension.swift */,
				3677B9E8215E090700728EF9 /* UITableView+Extension.swift */,
				3677B9EF215E15AC00728EF9 /* UICollectionView+Extension.swift */,
				3677B9F3215E1D3D00728EF9 /* String+Extension.swift */,
				3677B9F5215E21D000728EF9 /* UIViewController+Extension.swift */,
				3677BA02215F15A100728EF9 /* UIButton+Extension.swift */,
			);
			path = Extension;
			sourceTree = "<group>";
		};
		3677B8D0215B6DFD00728EF9 /* Tool */ = {
			isa = PBXGroup;
			children = (
				3635BA57216AFF7D00FAE00D /* LookAtSearchTool */,
				3677B8D1215B6E0A00728EF9 /* LookAtConfig.swift */,
				BA1EFE46215E6D6C0067698A /* LogTool.swift */,
				3635BA5C216B026600FAE00D /* LookAtTabBar.swift */,
			);
			path = Tool;
			sourceTree = "<group>";
		};
		3677B9A6215DE1B500728EF9 /* Frameworks */ = {
			isa = PBXGroup;
			children = (
			);
			name = Frameworks;
			sourceTree = "<group>";
		};
		3677B9BB215DF95200728EF9 /* Products */ = {
			isa = PBXGroup;
			children = (
				3677B9C5215DF95300728EF9 /* Kingfisher.framework */,
				3677B9C7215DF95300728EF9 /* Kingfisher.framework */,
				3677B9C9215DF95300728EF9 /* Kingfisher.framework */,
				3677B9CB215DF95300728EF9 /* Kingfisher.framework */,
				3677B9CD215DF95300728EF9 /* KingfisherTests.xctest */,
				3677B9CF215DF95300728EF9 /* KingfisherTests-tvOS.xctest */,
				3677B9D1215DF95300728EF9 /* KingfisherTests-macOS.xctest */,
			);
			name = Products;
			sourceTree = "<group>";
		};
		3677B9D3215DF99A00728EF9 /* Products */ = {
			isa = PBXGroup;
			children = (
				3677B9D8215DF99B00728EF9 /* SnapKit.framework */,
				3677B9DA215DF99B00728EF9 /* SnapKit Tests.xctest */,
			);
			name = Products;
			sourceTree = "<group>";
		};
		3677B9EA215E0B4200728EF9 /* Protocols */ = {
			isa = PBXGroup;
			children = (
				3677B9ED215E0BDD00728EF9 /* Reusable.swift */,
				BA148F6E21674B96001E3EAF /* ClassProtocol.swift */,
			);
			path = Protocols;
			sourceTree = "<group>";
		};
		3677BA0C215F28EB00728EF9 /* LookAtButton */ = {
			isa = PBXGroup;
			children = (
				3677BA0D215F290900728EF9 /* LookAtButton.swift */,
			);
			path = LookAtButton;
			sourceTree = "<group>";
		};
		36B723CC215A383D00940A3D = {
			isa = PBXGroup;
			children = (
				3677B9D2215DF99A00728EF9 /* SnapKit.xcodeproj */,
				3677B9BA215DF95200728EF9 /* Kingfisher.xcodeproj */,
				36B723D7215A383D00940A3D /* LookAt */,
				36B723EC215A383F00940A3D /* LookAtTests */,
				36B723F7215A383F00940A3D /* LookAtUITests */,
				36B723D6215A383D00940A3D /* Products */,
				3677B9A6215DE1B500728EF9 /* Frameworks */,
			);
			sourceTree = "<group>";
		};
		36B723D6215A383D00940A3D /* Products */ = {
			isa = PBXGroup;
			children = (
				36B723D5215A383D00940A3D /* LookAt.app */,
				36B723E9215A383F00940A3D /* LookAtTests.xctest */,
				36B723F4215A383F00940A3D /* LookAtUITests.xctest */,
			);
			name = Products;
			sourceTree = "<group>";
		};
		36B723D7215A383D00940A3D /* LookAt */ = {
			isa = PBXGroup;
			children = (
				3677B9EA215E0B4200728EF9 /* Protocols */,
				3677B8D0215B6DFD00728EF9 /* Tool */,
				3677B8CA215B683F00728EF9 /* Extension */,
				36B72416215A3C0400940A3D /* Public（公共） */,
				36B72406215A3B6600940A3D /* Home（首页） */,
				36B7240E215A3B6600940A3D /* OldBird（老鸟） */,
				36B72412215A3B6600940A3D /* News（消息） */,
				36B7240A215A3B6600940A3D /* Me（我的） */,
				36B723D8215A383D00940A3D /* AppDelegate.swift */,
				36B723DA215A383D00940A3D /* ViewController.swift */,
				36B723DC215A383D00940A3D /* Main.storyboard */,
				36B723DF215A383F00940A3D /* Assets.xcassets */,
				36B723E1215A383F00940A3D /* LaunchScreen.storyboard */,
				36B723E4215A383F00940A3D /* Info.plist */,
			);
			path = LookAt;
			sourceTree = "<group>";
		};
		36B723EC215A383F00940A3D /* LookAtTests */ = {
			isa = PBXGroup;
			children = (
				36B723ED215A383F00940A3D /* LookAtTests.swift */,
				36B723EF215A383F00940A3D /* Info.plist */,
			);
			path = LookAtTests;
			sourceTree = "<group>";
		};
		36B723F7215A383F00940A3D /* LookAtUITests */ = {
			isa = PBXGroup;
			children = (
				36B723F8215A383F00940A3D /* LookAtUITests.swift */,
				36B723FA215A383F00940A3D /* Info.plist */,
			);
			path = LookAtUITests;
			sourceTree = "<group>";
		};
		36B72406215A3B6600940A3D /* Home（首页） */ = {
			isa = PBXGroup;
			children = (
				36B72407215A3B6600940A3D /* Controller */,
				36B72408215A3B6600940A3D /* Model */,
				36B72409215A3B6600940A3D /* View */,
			);
			path = "Home（首页）";
			sourceTree = "<group>";
		};
		36B72407215A3B6600940A3D /* Controller */ = {
			isa = PBXGroup;
			children = (
				36B72421215A3C5700940A3D /* HomeViewController.swift */,
			);
			path = Controller;
			sourceTree = "<group>";
		};
		36B72408215A3B6600940A3D /* Model */ = {
			isa = PBXGroup;
			children = (
				36B72423215A3C6F00940A3D /* HomeModel.swift */,
			);
			path = Model;
			sourceTree = "<group>";
		};
		36B72409215A3B6600940A3D /* View */ = {
			isa = PBXGroup;
			children = (
				36B72425215A3C9500940A3D /* HomeView.swift */,
				3677B9F9215F148800728EF9 /* HomeTableSectionHeaderView.swift */,
				3677B90F215DDC5700728EF9 /* HomeHeaderView.swift */,
				3635BA4E216AF73000FAE00D /* HomeNavigationBar.swift */,
				3677B911215DDCBF00728EF9 /* HomeAdvertisingPageView.swift */,
				3677BA04215F27E300728EF9 /* HomeHotTableViewCell.swift */,
				3635BA34215F53F800FAE00D /* HomeHotScrollView.swift */,
				3677BA06215F280000728EF9 /* HomeRecommendTableViewCell.swift */,
				3677BA08215F282800728EF9 /* HomeLeaderboardTableViewCell.swift */,
				BA096BCA2164A9110005374A /* HomeLeaderboardFlowLayout.swift */,
				BA096BD32164B51D0005374A /* HomeLeaderboardCollectionViewCell.swift */,
				3677BA0A215F285700728EF9 /* HomeBusinessTopicTableViewCell.swift */,
			);
			path = View;
			sourceTree = "<group>";
		};
		36B7240A215A3B6600940A3D /* Me（我的） */ = {
			isa = PBXGroup;
			children = (
				36B7240B215A3B6600940A3D /* Controller */,
				36B7240C215A3B6600940A3D /* Model */,
				36B7240D215A3B6600940A3D /* View */,
			);
			path = "Me（我的）";
			sourceTree = "<group>";
		};
		36B7240B215A3B6600940A3D /* Controller */ = {
			isa = PBXGroup;
			children = (
				36B72437215A3D3200940A3D /* MeViewController.swift */,
			);
			path = Controller;
			sourceTree = "<group>";
		};
		36B7240C215A3B6600940A3D /* Model */ = {
			isa = PBXGroup;
			children = (
				36B72435215A3D2400940A3D /* MeModel.swift */,
			);
			path = Model;
			sourceTree = "<group>";
		};
		36B7240D215A3B6600940A3D /* View */ = {
			isa = PBXGroup;
			children = (
				36B72433215A3D1700940A3D /* MeView.swift */,
			);
			path = View;
			sourceTree = "<group>";
		};
		36B7240E215A3B6600940A3D /* OldBird（老鸟） */ = {
			isa = PBXGroup;
			children = (
				36B7240F215A3B6600940A3D /* Controller */,
				36B72410215A3B6600940A3D /* Model */,
				36B72411215A3B6600940A3D /* View */,
			);
			path = "OldBird（老鸟）";
			sourceTree = "<group>";
		};
		36B7240F215A3B6600940A3D /* Controller */ = {
			isa = PBXGroup;
			children = (
				36B7242B215A3CDD00940A3D /* OldBirdViewController.swift */,
			);
			path = Controller;
			sourceTree = "<group>";
		};
		36B72410215A3B6600940A3D /* Model */ = {
			isa = PBXGroup;
			children = (
				36B72429215A3CCE00940A3D /* OldBirdModel.swift */,
			);
			path = Model;
			sourceTree = "<group>";
		};
		36B72411215A3B6600940A3D /* View */ = {
			isa = PBXGroup;
			children = (
				36B72427215A3CBE00940A3D /* OldBirdView.swift */,
			);
			path = View;
			sourceTree = "<group>";
		};
		36B72412215A3B6600940A3D /* News（消息） */ = {
			isa = PBXGroup;
			children = (
				36B72413215A3B6600940A3D /* Controller */,
				36B72414215A3B6600940A3D /* Model */,
				36B72415215A3B6600940A3D /* View */,
			);
			path = "News（消息）";
			sourceTree = "<group>";
		};
		36B72413215A3B6600940A3D /* Controller */ = {
			isa = PBXGroup;
			children = (
				36B7242D215A3CE800940A3D /* NewsViewController.swift */,
			);
			path = Controller;
			sourceTree = "<group>";
		};
		36B72414215A3B6600940A3D /* Model */ = {
			isa = PBXGroup;
			children = (
				36B7242F215A3CFA00940A3D /* NewsModel.swift */,
			);
			path = Model;
			sourceTree = "<group>";
		};
		36B72415215A3B6600940A3D /* View */ = {
			isa = PBXGroup;
			children = (
				36B72431215A3D0A00940A3D /* NewsView.swift */,
			);
			path = View;
			sourceTree = "<group>";
		};
		36B72416215A3C0400940A3D /* Public（公共） */ = {
			isa = PBXGroup;
			children = (
				3677BA0C215F28EB00728EF9 /* LookAtButton */,
				36B72439215A3DF000940A3D /* TabBar */,
				36B72417215A3C0400940A3D /* Base */,
			);
			path = "Public（公共）";
			sourceTree = "<group>";
		};
		36B72417215A3C0400940A3D /* Base */ = {
			isa = PBXGroup;
			children = (
				36B72418215A3C0400940A3D /* Controller */,
				36B72419215A3C0400940A3D /* Model */,
				36B7241A215A3C0400940A3D /* View */,
			);
			path = Base;
			sourceTree = "<group>";
		};
		36B72418215A3C0400940A3D /* Controller */ = {
			isa = PBXGroup;
			children = (
				36B7241B215A3C2700940A3D /* BaseViewController.swift */,
				3677B90D215DD32500728EF9 /* BaseNavigationViewController.swift */,
			);
			path = Controller;
			sourceTree = "<group>";
		};
		36B72419215A3C0400940A3D /* Model */ = {
			isa = PBXGroup;
			children = (
				36B7241D215A3C3800940A3D /* BaseModel.swift */,
			);
			path = Model;
			sourceTree = "<group>";
		};
		36B7241A215A3C0400940A3D /* View */ = {
			isa = PBXGroup;
			children = (
				36B7241F215A3C4300940A3D /* BaseView.swift */,
			);
			path = View;
			sourceTree = "<group>";
		};
		36B72439215A3DF000940A3D /* TabBar */ = {
			isa = PBXGroup;
			children = (
				36B7243A215A3E1400940A3D /* LookAtTabBarViewController.swift */,
			);
			path = TabBar;
			sourceTree = "<group>";
		};
/* End PBXGroup section */

/* Begin PBXNativeTarget section */
		36B723D4215A383D00940A3D /* LookAt */ = {
			isa = PBXNativeTarget;
			buildConfigurationList = 36B723FD215A383F00940A3D /* Build configuration list for PBXNativeTarget "LookAt" */;
			buildPhases = (
				36B723D1215A383D00940A3D /* Sources */,
				36B723D2215A383D00940A3D /* Frameworks */,
				36B723D3215A383D00940A3D /* Resources */,
				3677B9E3215DF9A300728EF9 /* Embed Frameworks */,
			);
			buildRules = (
			);
			dependencies = (
				3677B9DE215DF9A300728EF9 /* PBXTargetDependency */,
				3677B9E2215DF9A300728EF9 /* PBXTargetDependency */,
			);
			name = LookAt;
			productName = LookAt;
			productReference = 36B723D5215A383D00940A3D /* LookAt.app */;
			productType = "com.apple.product-type.application";
		};
		36B723E8215A383F00940A3D /* LookAtTests */ = {
			isa = PBXNativeTarget;
			buildConfigurationList = 36B72400215A383F00940A3D /* Build configuration list for PBXNativeTarget "LookAtTests" */;
			buildPhases = (
				36B723E5215A383F00940A3D /* Sources */,
				36B723E6215A383F00940A3D /* Frameworks */,
				36B723E7215A383F00940A3D /* Resources */,
			);
			buildRules = (
			);
			dependencies = (
				36B723EB215A383F00940A3D /* PBXTargetDependency */,
			);
			name = LookAtTests;
			productName = LookAtTests;
			productReference = 36B723E9215A383F00940A3D /* LookAtTests.xctest */;
			productType = "com.apple.product-type.bundle.unit-test";
		};
		36B723F3215A383F00940A3D /* LookAtUITests */ = {
			isa = PBXNativeTarget;
			buildConfigurationList = 36B72403215A383F00940A3D /* Build configuration list for PBXNativeTarget "LookAtUITests" */;
			buildPhases = (
				36B723F0215A383F00940A3D /* Sources */,
				36B723F1215A383F00940A3D /* Frameworks */,
				36B723F2215A383F00940A3D /* Resources */,
			);
			buildRules = (
			);
			dependencies = (
				36B723F6215A383F00940A3D /* PBXTargetDependency */,
			);
			name = LookAtUITests;
			productName = LookAtUITests;
			productReference = 36B723F4215A383F00940A3D /* LookAtUITests.xctest */;
			productType = "com.apple.product-type.bundle.ui-testing";
		};
/* End PBXNativeTarget section */

/* Begin PBXProject section */
		36B723CD215A383D00940A3D /* Project object */ = {
			isa = PBXProject;
			attributes = {
				LastSwiftUpdateCheck = 1000;
				LastUpgradeCheck = 1000;
				ORGANIZATIONNAME = LookAt;
				TargetAttributes = {
					36B723D4215A383D00940A3D = {
						CreatedOnToolsVersion = 10.0;
					};
					36B723E8215A383F00940A3D = {
						CreatedOnToolsVersion = 10.0;
						TestTargetID = 36B723D4215A383D00940A3D;
					};
					36B723F3215A383F00940A3D = {
						CreatedOnToolsVersion = 10.0;
						TestTargetID = 36B723D4215A383D00940A3D;
					};
				};
			};
			buildConfigurationList = 36B723D0215A383D00940A3D /* Build configuration list for PBXProject "LookAt" */;
			compatibilityVersion = "Xcode 9.3";
			developmentRegion = en;
			hasScannedForEncodings = 0;
			knownRegions = (
				en,
				Base,
			);
			mainGroup = 36B723CC215A383D00940A3D;
			productRefGroup = 36B723D6215A383D00940A3D /* Products */;
			projectDirPath = "";
			projectReferences = (
				{
					ProductGroup = 3677B9BB215DF95200728EF9 /* Products */;
					ProjectRef = 3677B9BA215DF95200728EF9 /* Kingfisher.xcodeproj */;
				},
				{
					ProductGroup = 3677B9D3215DF99A00728EF9 /* Products */;
					ProjectRef = 3677B9D2215DF99A00728EF9 /* SnapKit.xcodeproj */;
				},
			);
			projectRoot = "";
			targets = (
				36B723D4215A383D00940A3D /* LookAt */,
				36B723E8215A383F00940A3D /* LookAtTests */,
				36B723F3215A383F00940A3D /* LookAtUITests */,
			);
		};
/* End PBXProject section */

/* Begin PBXReferenceProxy section */
		3677B9C5215DF95300728EF9 /* Kingfisher.framework */ = {
			isa = PBXReferenceProxy;
			fileType = wrapper.framework;
			path = Kingfisher.framework;
			remoteRef = 3677B9C4215DF95300728EF9 /* PBXContainerItemProxy */;
			sourceTree = BUILT_PRODUCTS_DIR;
		};
		3677B9C7215DF95300728EF9 /* Kingfisher.framework */ = {
			isa = PBXReferenceProxy;
			fileType = wrapper.framework;
			path = Kingfisher.framework;
			remoteRef = 3677B9C6215DF95300728EF9 /* PBXContainerItemProxy */;
			sourceTree = BUILT_PRODUCTS_DIR;
		};
		3677B9C9215DF95300728EF9 /* Kingfisher.framework */ = {
			isa = PBXReferenceProxy;
			fileType = wrapper.framework;
			path = Kingfisher.framework;
			remoteRef = 3677B9C8215DF95300728EF9 /* PBXContainerItemProxy */;
			sourceTree = BUILT_PRODUCTS_DIR;
		};
		3677B9CB215DF95300728EF9 /* Kingfisher.framework */ = {
			isa = PBXReferenceProxy;
			fileType = wrapper.framework;
			path = Kingfisher.framework;
			remoteRef = 3677B9CA215DF95300728EF9 /* PBXContainerItemProxy */;
			sourceTree = BUILT_PRODUCTS_DIR;
		};
		3677B9CD215DF95300728EF9 /* KingfisherTests.xctest */ = {
			isa = PBXReferenceProxy;
			fileType = wrapper.cfbundle;
			path = KingfisherTests.xctest;
			remoteRef = 3677B9CC215DF95300728EF9 /* PBXContainerItemProxy */;
			sourceTree = BUILT_PRODUCTS_DIR;
		};
		3677B9CF215DF95300728EF9 /* KingfisherTests-tvOS.xctest */ = {
			isa = PBXReferenceProxy;
			fileType = wrapper.cfbundle;
			path = "KingfisherTests-tvOS.xctest";
			remoteRef = 3677B9CE215DF95300728EF9 /* PBXContainerItemProxy */;
			sourceTree = BUILT_PRODUCTS_DIR;
		};
		3677B9D1215DF95300728EF9 /* KingfisherTests-macOS.xctest */ = {
			isa = PBXReferenceProxy;
			fileType = wrapper.cfbundle;
			path = "KingfisherTests-macOS.xctest";
			remoteRef = 3677B9D0215DF95300728EF9 /* PBXContainerItemProxy */;
			sourceTree = BUILT_PRODUCTS_DIR;
		};
		3677B9D8215DF99B00728EF9 /* SnapKit.framework */ = {
			isa = PBXReferenceProxy;
			fileType = wrapper.framework;
			path = SnapKit.framework;
			remoteRef = 3677B9D7215DF99B00728EF9 /* PBXContainerItemProxy */;
			sourceTree = BUILT_PRODUCTS_DIR;
		};
		3677B9DA215DF99B00728EF9 /* SnapKit Tests.xctest */ = {
			isa = PBXReferenceProxy;
			fileType = wrapper.cfbundle;
			path = "SnapKit Tests.xctest";
			remoteRef = 3677B9D9215DF99B00728EF9 /* PBXContainerItemProxy */;
			sourceTree = BUILT_PRODUCTS_DIR;
		};
/* End PBXReferenceProxy section */

/* Begin PBXResourcesBuildPhase section */
		36B723D3215A383D00940A3D /* Resources */ = {
			isa = PBXResourcesBuildPhase;
			buildActionMask = 2147483647;
			files = (
				36B723E3215A383F00940A3D /* LaunchScreen.storyboard in Resources */,
				36B723E0215A383F00940A3D /* Assets.xcassets in Resources */,
				36B723DE215A383D00940A3D /* Main.storyboard in Resources */,
			);
			runOnlyForDeploymentPostprocessing = 0;
		};
		36B723E7215A383F00940A3D /* Resources */ = {
			isa = PBXResourcesBuildPhase;
			buildActionMask = 2147483647;
			files = (
			);
			runOnlyForDeploymentPostprocessing = 0;
		};
		36B723F2215A383F00940A3D /* Resources */ = {
			isa = PBXResourcesBuildPhase;
			buildActionMask = 2147483647;
			files = (
			);
			runOnlyForDeploymentPostprocessing = 0;
		};
/* End PBXResourcesBuildPhase section */

/* Begin PBXSourcesBuildPhase section */
		36B723D1215A383D00940A3D /* Sources */ = {
			isa = PBXSourcesBuildPhase;
			buildActionMask = 2147483647;
			files = (
				3677BA05215F27E300728EF9 /* HomeHotTableViewCell.swift in Sources */,
				3677B8D4215B7A3C00728EF9 /* UIFont+Extension.swift in Sources */,
				3677B9F4215E1D3D00728EF9 /* String+Extension.swift in Sources */,
				3635BA68216B4B9500FAE00D /* LookAtSearchDefaultHotCompanyTableViewCell.swift in Sources */,
				36B72438215A3D3200940A3D /* MeViewController.swift in Sources */,
				3677BA0E215F290900728EF9 /* LookAtButton.swift in Sources */,
				3635BA5B216B005400FAE00D /* LookAtSearchBar.swift in Sources */,
				3677B9B9215DF75A00728EF9 /* UIImageView+Extension.swift in Sources */,
				3635BA4F216AF73000FAE00D /* HomeNavigationBar.swift in Sources */,
				36B72424215A3C6F00940A3D /* HomeModel.swift in Sources */,
				3677BA03215F15A100728EF9 /* UIButton+Extension.swift in Sources */,
				3677B9F0215E15AC00728EF9 /* UICollectionView+Extension.swift in Sources */,
				3677B8D6215B7D7100728EF9 /* UIColor+Extension.swift in Sources */,
				36B72428215A3CBE00940A3D /* OldBirdView.swift in Sources */,
				36B7242A215A3CCE00940A3D /* OldBirdModel.swift in Sources */,
				36B72432215A3D0A00940A3D /* NewsView.swift in Sources */,
				36B7242E215A3CE800940A3D /* NewsViewController.swift in Sources */,
				3635BA5F216B387200FAE00D /* LookAtSearchViewController.swift in Sources */,
				36B723DB215A383D00940A3D /* ViewController.swift in Sources */,
				BA096BD42164B51D0005374A /* HomeLeaderboardCollectionViewCell.swift in Sources */,
				3677B9F6215E21D000728EF9 /* UIViewController+Extension.swift in Sources */,
				36B7242C215A3CDD00940A3D /* OldBirdViewController.swift in Sources */,
				3635BA5D216B026600FAE00D /* LookAtTabBar.swift in Sources */,
				36B723D9215A383D00940A3D /* AppDelegate.swift in Sources */,
				3635BA63216B3F3B00FAE00D /* LookAtSearchDefaultView.swift in Sources */,
				3635BA35215F53F800FAE00D /* HomeHotScrollView.swift in Sources */,
				3677B9E5215E025900728EF9 /* UIView+Extension.swift in Sources */,
				3677BA07215F280000728EF9 /* HomeRecommendTableViewCell.swift in Sources */,
				3677B8D2215B6E0A00728EF9 /* LookAtConfig.swift in Sources */,
				3677B910215DDC5700728EF9 /* HomeHeaderView.swift in Sources */,
				36B72420215A3C4300940A3D /* BaseView.swift in Sources */,
				3677BA0B215F285700728EF9 /* HomeBusinessTopicTableViewCell.swift in Sources */,
				3635BA66216B498C00FAE00D /* LookAtSearchModel.swift in Sources */,
				36B7243B215A3E1400940A3D /* LookAtTabBarViewController.swift in Sources */,
				3677B912215DDCBF00728EF9 /* HomeAdvertisingPageView.swift in Sources */,
				36B72434215A3D1700940A3D /* MeView.swift in Sources */,
				3677B9E9215E090700728EF9 /* UITableView+Extension.swift in Sources */,
				36B7241E215A3C3800940A3D /* BaseModel.swift in Sources */,
				3677BA09215F282800728EF9 /* HomeLeaderboardTableViewCell.swift in Sources */,
				36B72436215A3D2400940A3D /* MeModel.swift in Sources */,
				36B72430215A3CFA00940A3D /* NewsModel.swift in Sources */,
				36B72426215A3C9500940A3D /* HomeView.swift in Sources */,
				3677B9FA215F148800728EF9 /* HomeTableSectionHeaderView.swift in Sources */,
				3635BA59216AFF8A00FAE00D /* LookAtSearchTool.swift in Sources */,
				BA148F6F21674B96001E3EAF /* ClassProtocol.swift in Sources */,
				3677B9EE215E0BDD00728EF9 /* Reusable.swift in Sources */,
				3677B8CC215B685800728EF9 /* UIImage+Extension.swift in Sources */,
				3677B9E7215E033300728EF9 /* UILabel+Extension.swift in Sources */,
				3677B90E215DD32500728EF9 /* BaseNavigationViewController.swift in Sources */,
				36B7241C215A3C2700940A3D /* BaseViewController.swift in Sources */,
				BA096BCB2164A9110005374A /* HomeLeaderboardFlowLayout.swift in Sources */,
				BA1EFE47215E6D6C0067698A /* LogTool.swift in Sources */,
				36B72422215A3C5700940A3D /* HomeViewController.swift in Sources */,
			);
			runOnlyForDeploymentPostprocessing = 0;
		};
		36B723E5215A383F00940A3D /* Sources */ = {
			isa = PBXSourcesBuildPhase;
			buildActionMask = 2147483647;
			files = (
				36B723EE215A383F00940A3D /* LookAtTests.swift in Sources */,
			);
			runOnlyForDeploymentPostprocessing = 0;
		};
		36B723F0215A383F00940A3D /* Sources */ = {
			isa = PBXSourcesBuildPhase;
			buildActionMask = 2147483647;
			files = (
				36B723F9215A383F00940A3D /* LookAtUITests.swift in Sources */,
			);
			runOnlyForDeploymentPostprocessing = 0;
		};
/* End PBXSourcesBuildPhase section */

/* Begin PBXTargetDependency section */
		3677B9DE215DF9A300728EF9 /* PBXTargetDependency */ = {
			isa = PBXTargetDependency;
			name = SnapKit;
			targetProxy = 3677B9DD215DF9A300728EF9 /* PBXContainerItemProxy */;
		};
		3677B9E2215DF9A300728EF9 /* PBXTargetDependency */ = {
			isa = PBXTargetDependency;
			name = "Kingfisher-iOS";
			targetProxy = 3677B9E1215DF9A300728EF9 /* PBXContainerItemProxy */;
		};
		36B723EB215A383F00940A3D /* PBXTargetDependency */ = {
			isa = PBXTargetDependency;
			target = 36B723D4215A383D00940A3D /* LookAt */;
			targetProxy = 36B723EA215A383F00940A3D /* PBXContainerItemProxy */;
		};
		36B723F6215A383F00940A3D /* PBXTargetDependency */ = {
			isa = PBXTargetDependency;
			target = 36B723D4215A383D00940A3D /* LookAt */;
			targetProxy = 36B723F5215A383F00940A3D /* PBXContainerItemProxy */;
		};
/* End PBXTargetDependency section */

/* Begin PBXVariantGroup section */
		36B723DC215A383D00940A3D /* Main.storyboard */ = {
			isa = PBXVariantGroup;
			children = (
				36B723DD215A383D00940A3D /* Base */,
				3677B9A2215DE19C00728EF9 /* zh-Hans */,
				3677B9A4215DE1A500728EF9 /* zh-Hant */,
			);
			name = Main.storyboard;
			sourceTree = "<group>";
		};
		36B723E1215A383F00940A3D /* LaunchScreen.storyboard */ = {
			isa = PBXVariantGroup;
			children = (
				36B723E2215A383F00940A3D /* Base */,
				3677B9A3215DE19C00728EF9 /* zh-Hans */,
				3677B9A5215DE1A600728EF9 /* zh-Hant */,
			);
			name = LaunchScreen.storyboard;
			sourceTree = "<group>";
		};
/* End PBXVariantGroup section */

/* Begin XCBuildConfiguration section */
		36B723FB215A383F00940A3D /* Debug */ = {
			isa = XCBuildConfiguration;
			buildSettings = {
				ALWAYS_SEARCH_USER_PATHS = NO;
				CLANG_ANALYZER_LOCALIZABILITY_NONLOCALIZED = YES;
				CLANG_ANALYZER_NONNULL = YES;
				CLANG_ANALYZER_NUMBER_OBJECT_CONVERSION = YES_AGGRESSIVE;
				CLANG_CXX_LANGUAGE_STANDARD = "gnu++14";
				CLANG_CXX_LIBRARY = "libc++";
				CLANG_ENABLE_MODULES = YES;
				CLANG_ENABLE_OBJC_ARC = YES;
				CLANG_ENABLE_OBJC_WEAK = YES;
				CLANG_WARN_BLOCK_CAPTURE_AUTORELEASING = YES;
				CLANG_WARN_BOOL_CONVERSION = YES;
				CLANG_WARN_COMMA = YES;
				CLANG_WARN_CONSTANT_CONVERSION = YES;
				CLANG_WARN_DEPRECATED_OBJC_IMPLEMENTATIONS = YES;
				CLANG_WARN_DIRECT_OBJC_ISA_USAGE = YES_ERROR;
				CLANG_WARN_DOCUMENTATION_COMMENTS = YES;
				CLANG_WARN_EMPTY_BODY = YES;
				CLANG_WARN_ENUM_CONVERSION = YES;
				CLANG_WARN_INFINITE_RECURSION = YES;
				CLANG_WARN_INT_CONVERSION = YES;
				CLANG_WARN_NON_LITERAL_NULL_CONVERSION = YES;
				CLANG_WARN_OBJC_IMPLICIT_RETAIN_SELF = YES;
				CLANG_WARN_OBJC_LITERAL_CONVERSION = YES;
				CLANG_WARN_OBJC_ROOT_CLASS = YES_ERROR;
				CLANG_WARN_RANGE_LOOP_ANALYSIS = YES;
				CLANG_WARN_STRICT_PROTOTYPES = YES;
				CLANG_WARN_SUSPICIOUS_MOVE = YES;
				CLANG_WARN_UNGUARDED_AVAILABILITY = YES_AGGRESSIVE;
				CLANG_WARN_UNREACHABLE_CODE = YES;
				CLANG_WARN__DUPLICATE_METHOD_MATCH = YES;
				CODE_SIGN_IDENTITY = "iPhone Developer";
				COPY_PHASE_STRIP = NO;
				DEBUG_INFORMATION_FORMAT = dwarf;
				ENABLE_STRICT_OBJC_MSGSEND = YES;
				ENABLE_TESTABILITY = YES;
				GCC_C_LANGUAGE_STANDARD = gnu11;
				GCC_DYNAMIC_NO_PIC = NO;
				GCC_NO_COMMON_BLOCKS = YES;
				GCC_OPTIMIZATION_LEVEL = 0;
				GCC_PREPROCESSOR_DEFINITIONS = (
					"DEBUG=1",
					"$(inherited)",
				);
				GCC_WARN_64_TO_32_BIT_CONVERSION = YES;
				GCC_WARN_ABOUT_RETURN_TYPE = YES_ERROR;
				GCC_WARN_UNDECLARED_SELECTOR = YES;
				GCC_WARN_UNINITIALIZED_AUTOS = YES_AGGRESSIVE;
				GCC_WARN_UNUSED_FUNCTION = YES;
				GCC_WARN_UNUSED_VARIABLE = YES;
				IPHONEOS_DEPLOYMENT_TARGET = 12.0;
				MTL_ENABLE_DEBUG_INFO = INCLUDE_SOURCE;
				MTL_FAST_MATH = YES;
				ONLY_ACTIVE_ARCH = YES;
				SDKROOT = iphoneos;
				SWIFT_ACTIVE_COMPILATION_CONDITIONS = DEBUG;
				SWIFT_OPTIMIZATION_LEVEL = "-Onone";
			};
			name = Debug;
		};
		36B723FC215A383F00940A3D /* Release */ = {
			isa = XCBuildConfiguration;
			buildSettings = {
				ALWAYS_SEARCH_USER_PATHS = NO;
				CLANG_ANALYZER_LOCALIZABILITY_NONLOCALIZED = YES;
				CLANG_ANALYZER_NONNULL = YES;
				CLANG_ANALYZER_NUMBER_OBJECT_CONVERSION = YES_AGGRESSIVE;
				CLANG_CXX_LANGUAGE_STANDARD = "gnu++14";
				CLANG_CXX_LIBRARY = "libc++";
				CLANG_ENABLE_MODULES = YES;
				CLANG_ENABLE_OBJC_ARC = YES;
				CLANG_ENABLE_OBJC_WEAK = YES;
				CLANG_WARN_BLOCK_CAPTURE_AUTORELEASING = YES;
				CLANG_WARN_BOOL_CONVERSION = YES;
				CLANG_WARN_COMMA = YES;
				CLANG_WARN_CONSTANT_CONVERSION = YES;
				CLANG_WARN_DEPRECATED_OBJC_IMPLEMENTATIONS = YES;
				CLANG_WARN_DIRECT_OBJC_ISA_USAGE = YES_ERROR;
				CLANG_WARN_DOCUMENTATION_COMMENTS = YES;
				CLANG_WARN_EMPTY_BODY = YES;
				CLANG_WARN_ENUM_CONVERSION = YES;
				CLANG_WARN_INFINITE_RECURSION = YES;
				CLANG_WARN_INT_CONVERSION = YES;
				CLANG_WARN_NON_LITERAL_NULL_CONVERSION = YES;
				CLANG_WARN_OBJC_IMPLICIT_RETAIN_SELF = YES;
				CLANG_WARN_OBJC_LITERAL_CONVERSION = YES;
				CLANG_WARN_OBJC_ROOT_CLASS = YES_ERROR;
				CLANG_WARN_RANGE_LOOP_ANALYSIS = YES;
				CLANG_WARN_STRICT_PROTOTYPES = YES;
				CLANG_WARN_SUSPICIOUS_MOVE = YES;
				CLANG_WARN_UNGUARDED_AVAILABILITY = YES_AGGRESSIVE;
				CLANG_WARN_UNREACHABLE_CODE = YES;
				CLANG_WARN__DUPLICATE_METHOD_MATCH = YES;
				CODE_SIGN_IDENTITY = "iPhone Developer";
				COPY_PHASE_STRIP = NO;
				DEBUG_INFORMATION_FORMAT = "dwarf-with-dsym";
				ENABLE_NS_ASSERTIONS = NO;
				ENABLE_STRICT_OBJC_MSGSEND = YES;
				GCC_C_LANGUAGE_STANDARD = gnu11;
				GCC_NO_COMMON_BLOCKS = YES;
				GCC_WARN_64_TO_32_BIT_CONVERSION = YES;
				GCC_WARN_ABOUT_RETURN_TYPE = YES_ERROR;
				GCC_WARN_UNDECLARED_SELECTOR = YES;
				GCC_WARN_UNINITIALIZED_AUTOS = YES_AGGRESSIVE;
				GCC_WARN_UNUSED_FUNCTION = YES;
				GCC_WARN_UNUSED_VARIABLE = YES;
				IPHONEOS_DEPLOYMENT_TARGET = 12.0;
				MTL_ENABLE_DEBUG_INFO = NO;
				MTL_FAST_MATH = YES;
				SDKROOT = iphoneos;
				SWIFT_COMPILATION_MODE = wholemodule;
				SWIFT_OPTIMIZATION_LEVEL = "-O";
				VALIDATE_PRODUCT = YES;
			};
			name = Release;
		};
		36B723FE215A383F00940A3D /* Debug */ = {
			isa = XCBuildConfiguration;
			buildSettings = {
				ALWAYS_EMBED_SWIFT_STANDARD_LIBRARIES = YES;
				ASSETCATALOG_COMPILER_APPICON_NAME = AppIcon;
				CODE_SIGN_STYLE = Automatic;
				DEVELOPMENT_TEAM = 7KMK843WA4;
				INFOPLIST_FILE = LookAt/Info.plist;
				IPHONEOS_DEPLOYMENT_TARGET = 8.0;
				LD_RUNPATH_SEARCH_PATHS = (
					"$(inherited)",
					"@executable_path/Frameworks",
				);
				OTHER_CFLAGS = (
					"-D",
					DEBUG,
				);
				PRODUCT_BUNDLE_IDENTIFIER = com.LookAt.LookAt;
				PRODUCT_NAME = "$(TARGET_NAME)";
				SWIFT_VERSION = 4.2;
				TARGETED_DEVICE_FAMILY = "1,2";
			};
			name = Debug;
		};
		36B723FF215A383F00940A3D /* Release */ = {
			isa = XCBuildConfiguration;
			buildSettings = {
				ALWAYS_EMBED_SWIFT_STANDARD_LIBRARIES = YES;
				ASSETCATALOG_COMPILER_APPICON_NAME = AppIcon;
				CODE_SIGN_STYLE = Automatic;
				DEVELOPMENT_TEAM = 7KMK843WA4;
				INFOPLIST_FILE = LookAt/Info.plist;
				IPHONEOS_DEPLOYMENT_TARGET = 8.0;
				LD_RUNPATH_SEARCH_PATHS = (
					"$(inherited)",
					"@executable_path/Frameworks",
				);
				OTHER_CFLAGS = "";
				PRODUCT_BUNDLE_IDENTIFIER = com.LookAt.LookAt;
				PRODUCT_NAME = "$(TARGET_NAME)";
				SWIFT_VERSION = 4.2;
				TARGETED_DEVICE_FAMILY = "1,2";
			};
			name = Release;
		};
		36B72401215A383F00940A3D /* Debug */ = {
			isa = XCBuildConfiguration;
			buildSettings = {
				ALWAYS_EMBED_SWIFT_STANDARD_LIBRARIES = YES;
				BUNDLE_LOADER = "$(TEST_HOST)";
				CODE_SIGN_STYLE = Automatic;
				DEVELOPMENT_TEAM = 7KMK843WA4;
				INFOPLIST_FILE = LookAtTests/Info.plist;
				LD_RUNPATH_SEARCH_PATHS = (
					"$(inherited)",
					"@executable_path/Frameworks",
					"@loader_path/Frameworks",
				);
				PRODUCT_BUNDLE_IDENTIFIER = com.LookAt.LookAt.LookAtTests;
				PRODUCT_NAME = "$(TARGET_NAME)";
				SWIFT_VERSION = 4.2;
				TARGETED_DEVICE_FAMILY = "1,2";
				TEST_HOST = "$(BUILT_PRODUCTS_DIR)/LookAt.app/LookAt";
			};
			name = Debug;
		};
		36B72402215A383F00940A3D /* Release */ = {
			isa = XCBuildConfiguration;
			buildSettings = {
				ALWAYS_EMBED_SWIFT_STANDARD_LIBRARIES = YES;
				BUNDLE_LOADER = "$(TEST_HOST)";
				CODE_SIGN_STYLE = Automatic;
				DEVELOPMENT_TEAM = 7KMK843WA4;
				INFOPLIST_FILE = LookAtTests/Info.plist;
				LD_RUNPATH_SEARCH_PATHS = (
					"$(inherited)",
					"@executable_path/Frameworks",
					"@loader_path/Frameworks",
				);
				PRODUCT_BUNDLE_IDENTIFIER = com.LookAt.LookAt.LookAtTests;
				PRODUCT_NAME = "$(TARGET_NAME)";
				SWIFT_VERSION = 4.2;
				TARGETED_DEVICE_FAMILY = "1,2";
				TEST_HOST = "$(BUILT_PRODUCTS_DIR)/LookAt.app/LookAt";
			};
			name = Release;
		};
		36B72404215A383F00940A3D /* Debug */ = {
			isa = XCBuildConfiguration;
			buildSettings = {
				ALWAYS_EMBED_SWIFT_STANDARD_LIBRARIES = YES;
				CODE_SIGN_STYLE = Automatic;
				DEVELOPMENT_TEAM = 7KMK843WA4;
				INFOPLIST_FILE = LookAtUITests/Info.plist;
				LD_RUNPATH_SEARCH_PATHS = (
					"$(inherited)",
					"@executable_path/Frameworks",
					"@loader_path/Frameworks",
				);
				PRODUCT_BUNDLE_IDENTIFIER = com.LookAt.LookAt.LookAtUITests;
				PRODUCT_NAME = "$(TARGET_NAME)";
				SWIFT_VERSION = 4.2;
				TARGETED_DEVICE_FAMILY = "1,2";
				TEST_TARGET_NAME = LookAt;
			};
			name = Debug;
		};
		36B72405215A383F00940A3D /* Release */ = {
			isa = XCBuildConfiguration;
			buildSettings = {
				ALWAYS_EMBED_SWIFT_STANDARD_LIBRARIES = YES;
				CODE_SIGN_STYLE = Automatic;
				DEVELOPMENT_TEAM = 7KMK843WA4;
				INFOPLIST_FILE = LookAtUITests/Info.plist;
				LD_RUNPATH_SEARCH_PATHS = (
					"$(inherited)",
					"@executable_path/Frameworks",
					"@loader_path/Frameworks",
				);
				PRODUCT_BUNDLE_IDENTIFIER = com.LookAt.LookAt.LookAtUITests;
				PRODUCT_NAME = "$(TARGET_NAME)";
				SWIFT_VERSION = 4.2;
				TARGETED_DEVICE_FAMILY = "1,2";
				TEST_TARGET_NAME = LookAt;
			};
			name = Release;
		};
/* End XCBuildConfiguration section */

/* Begin XCConfigurationList section */
		36B723D0215A383D00940A3D /* Build configuration list for PBXProject "LookAt" */ = {
			isa = XCConfigurationList;
			buildConfigurations = (
				36B723FB215A383F00940A3D /* Debug */,
				36B723FC215A383F00940A3D /* Release */,
			);
			defaultConfigurationIsVisible = 0;
			defaultConfigurationName = Release;
		};
		36B723FD215A383F00940A3D /* Build configuration list for PBXNativeTarget "LookAt" */ = {
			isa = XCConfigurationList;
			buildConfigurations = (
				36B723FE215A383F00940A3D /* Debug */,
				36B723FF215A383F00940A3D /* Release */,
			);
			defaultConfigurationIsVisible = 0;
			defaultConfigurationName = Release;
		};
		36B72400215A383F00940A3D /* Build configuration list for PBXNativeTarget "LookAtTests" */ = {
			isa = XCConfigurationList;
			buildConfigurations = (
				36B72401215A383F00940A3D /* Debug */,
				36B72402215A383F00940A3D /* Release */,
			);
			defaultConfigurationIsVisible = 0;
			defaultConfigurationName = Release;
		};
		36B72403215A383F00940A3D /* Build configuration list for PBXNativeTarget "LookAtUITests" */ = {
			isa = XCConfigurationList;
			buildConfigurations = (
				36B72404215A383F00940A3D /* Debug */,
				36B72405215A383F00940A3D /* Release */,
			);
			defaultConfigurationIsVisible = 0;
			defaultConfigurationName = Release;
		};
/* End XCConfigurationList section */
	};
	rootObject = 36B723CD215A383D00940A3D /* Project object */;
}
